
Microsoft Visual Studio Solution File, Format Version 12.00
# Visual Studio Version 16
VisualStudioVersion = 25.0.1703.7
MinimumVisualStudioVersion = 10.0.40219.1
Project("{FAE04EC0-301F-11D3-BF4B-00C04F79EFBC}") = "Signin", "Signin\Signin.csproj", "{6D362225-5AD6-4023-AA5A-3B083C3E5DF6}"
EndProject
Global
	GlobalSection(SolutionConfigurationPlatforms) = preSolution
		Debug|Any CPU = Debug|Any CPU
		Release|Any CPU = Release|Any CPU
	EndGlobalSection
	GlobalSection(ProjectConfigurationPlatforms) = postSolution
		{6D362225-5AD6-4023-AA5A-3B083C3E5DF6}.Debug|Any CPU.ActiveCfg = Debug|Any CPU
		{6D362225-5AD6-4023-AA5A-3B083C3E5DF6}.Debug|Any CPU.Build.0 = Debug|Any CPU
		{6D362225-5AD6-4023-AA5A-3B083C3E5DF6}.Release|Any CPU.ActiveCfg = Release|Any CPU
		{6D362225-5AD6-4023-AA5A-3B083C3E5DF6}.Release|Any CPU.Build.0 = Release|Any CPU
	EndGlobalSection
	GlobalSection(SolutionProperties) = preSolution
		HideSolutionNode = FALSE
	EndGlobalSection
	GlobalSection(ExtensibilityGlobals) = postSolution
		SolutionGuid = {EA72E44E-774A-4A44-945C-E6096332B328}
	EndGlobalSection
EndGlobal
